// !$*UTF8*$!
{
	archiveVersion = 1;
	classes = {
	};
	objectVersion = 50;
	objects = {

/* Begin PBXBuildFile section */
		A5AECFF32373E9E2003F2648 /* AppDelegate.swift in Sources */ = {isa = PBXBuildFile; fileRef = A5AECFF22373E9E2003F2648 /* AppDelegate.swift */; };
		A5AECFF52373E9E2003F2648 /* SceneDelegate.swift in Sources */ = {isa = PBXBuildFile; fileRef = A5AECFF42373E9E2003F2648 /* SceneDelegate.swift */; };
		A5AECFF72373E9E2003F2648 /* ViewController.swift in Sources */ = {isa = PBXBuildFile; fileRef = A5AECFF62373E9E2003F2648 /* ViewController.swift */; };
		A5AECFFA2373E9E2003F2648 /* Main.storyboard in Resources */ = {isa = PBXBuildFile; fileRef = A5AECFF82373E9E2003F2648 /* Main.storyboard */; };
		A5AECFFC2373E9E9003F2648 /* Assets.xcassets in Resources */ = {isa = PBXBuildFile; fileRef = A5AECFFB2373E9E9003F2648 /* Assets.xcassets */; };
		A5AECFFF2373E9E9003F2648 /* LaunchScreen.storyboard in Resources */ = {isa = PBXBuildFile; fileRef = A5AECFFD2373E9E9003F2648 /* LaunchScreen.storyboard */; };
/* End PBXBuildFile section */

/* Begin PBXFileReference section */
		A5AECFEF2373E9E2003F2648 /* Tutorial 1.app */ = {isa = PBXFileReference; explicitFileType = wrapper.application; includeInIndex = 0; path = "Tutorial 1.app"; sourceTree = BUILT_PRODUCTS_DIR; };
		A5AECFF22373E9E2003F2648 /* AppDelegate.swift */ = {isa = PBXFileReference; lastKnownFileType = sourcecode.swift; path = AppDelegate.swift; sourceTree = "<group>"; };
		A5AECFF42373E9E2003F2648 /* SceneDelegate.swift */ = {isa = PBXFileReference; lastKnownFileType = sourcecode.swift; path = SceneDelegate.swift; sourceTree = "<group>"; };
		A5AECFF62373E9E2003F2648 /* ViewController.swift */ = {isa = PBXFileReference; lastKnownFileType = sourcecode.swift; path = ViewController.swift; sourceTree = "<group>"; };
		A5AECFF92373E9E2003F2648 /* Base */ = {isa = PBXFileReference; lastKnownFileType = file.storyboard; name = Base; path = Base.lproj/Main.storyboard; sourceTree = "<group>"; };
		A5AECFFB2373E9E9003F2648 /* Assets.xcassets */ = {isa = PBXFileReference; lastKnownFileType = folder.assetcatalog; path = Assets.xcassets; sourceTree = "<group>"; };
		A5AECFFE2373E9E9003F2648 /* Base */ = {isa = PBXFileReference; lastKnownFileType = file.storyboard; name = Base; path = Base.lproj/LaunchScreen.storyboard; sourceTree = "<group>"; };
		A5AED0002373E9E9003F2648 /* Info.plist */ = {isa = PBXFileReference; lastKnownFileType = text.plist.xml; path = Info.plist; sourceTree = "<group>"; };
/* End PBXFileReference section */

/* Begin PBXFrameworksBuildPhase section */
		A5AECFEC2373E9E1003F2648 /* Frameworks */ = {
			isa = PBXFrameworksBuildPhase;
			buildActionMask = 2147483647;
			files = (
			);
			runOnlyForDeploymentPostprocessing = 0;
		};
/* End PBXFrameworksBuildPhase section */

/* Begin PBXGroup section */
		A5AECFE62373E9E1003F2648 = {
			isa = PBXGroup;
			children = (
				A5AECFF12373E9E2003F2648 /* Tutorial 1 */,
				A5AECFF02373E9E2003F2648 /* Products */,
			);
			sourceTree = "<group>";
		};
		A5AECFF02373E9E2003F2648 /* Products */ = {
			isa = PBXGroup;
			children = (
				A5AECFEF2373E9E2003F2648 /* Tutorial 1.app */,
			);
			name = Products;
			sourceTree = "<group>";
		};
		A5AECFF12373E9E2003F2648 /* Tutorial 1 */ = {
			isa = PBXGroup;
			children = (
				A5AECFF22373E9E2003F2648 /* AppDelegate.swift */,
				A5AECFF42373E9E2003F2648 /* SceneDelegate.swift */,
				A5AECFF62373E9E2003F2648 /* ViewController.swift */,
				A5AECFF82373E9E2003F2648 /* Main.storyboard */,
				A5AECFFB2373E9E9003F2648 /* Assets.xcassets */,
				A5AECFFD2373E9E9003F2648 /* LaunchScreen.storyboard */,
				A5AED0002373E9E9003F2648 /* Info.plist */,
			);
			path = "Tutorial 1";
			sourceTree = "<group>";
		};
/* End PBXGroup section */

/* Begin PBXNativeTarget section */
		A5AECFEE2373E9E1003F2648 /* Tutorial 1 */ = {
			isa = PBXNativeTarget;
			buildConfigurationList = A5AED0032373E9E9003F2648 /* Build configuration list for PBXNativeTarget "Tutorial 1" */;
			buildPhases = (
				A5AECFEB2373E9E1003F2648 /* Sources */,
				A5AECFEC2373E9E1003F2648 /* Frameworks */,
				A5AECFED2373E9E1003F2648 /* Resources */,
			);
			buildRules = (
			);
			dependencies = (
			);
			name = "Tutorial 1";
			productName = "Tutorial 1";
			productReference = A5AECFEF2373E9E2003F2648 /* Tutorial 1.app */;
			productType = "com.apple.product-type.application";
		};
/* End PBXNativeTarget section */

/* Begin PBXProject section */
		A5AECFE72373E9E1003F2648 /* Project object */ = {
			isa = PBXProject;
			attributes = {
				LastSwiftUpdateCheck = 1120;
				LastUpgradeCheck = 1120;
				ORGANIZATIONNAME = "Alexander Parshakov";
				TargetAttributes = {
					A5AECFEE2373E9E1003F2648 = {
						CreatedOnToolsVersion = 11.2;
					};
				};
			};
			buildConfigurationList = A5AECFEA2373E9E1003F2648 /* Build configuration list for PBXProject "Tutorial 1" */;
			compatibilityVersion = "Xcode 9.3";
			developmentRegion = en;
			hasScannedForEncodings = 0;
			knownRegions = (
				en,
				Base,
			);
			mainGroup = A5AECFE62373E9E1003F2648;
			productRefGroup = A5AECFF02373E9E2003F2648 /* Products */;
			projectDirPath = "";
			projectRoot = "";
			targets = (
				A5AECFEE2373E9E1003F2648 /* Tutorial 1 */,
			);
		};
/* End PBXProject section */

/* Begin PBXResourcesBuildPhase section */
		A5AECFED2373E9E1003F2648 /* Resources */ = {
			isa = PBXResourcesBuildPhase;
			buildActionMask = 2147483647;
			files = (
				A5AECFFF2373E9E9003F2648 /* LaunchScreen.storyboard in Resources */,
				A5AECFFC2373E9E9003F2648 /* Assets.xcassets in Resources */,
				A5AECFFA2373E9E2003F2648 /* Main.storyboard in Resources */,
			);
			runOnlyForDeploymentPostprocessing = 0;
		};
/* End PBXResourcesBuildPhase section */

/* Begin PBXSourcesBuildPhase section */
		A5AECFEB2373E9E1003F2648 /* Sources */ = {
			isa = PBXSourcesBuildPhase;
			buildActionMask = 2147483647;
			files = (
				A5AECFF72373E9E2003F2648 /* ViewController.swift in Sources */,
				A5AECFF32373E9E2003F2648 /* AppDelegate.swift in Sources */,
				A5AECFF52373E9E2003F2648 /* SceneDelegate.swift in Sources */,
			);
			runOnlyForDeploymentPostprocessing = 0;
		};
/* End PBXSourcesBuildPhase section */

/* Begin PBXVariantGroup section */
		A5AECFF82373E9E2003F2648 /* Main.storyboard */ = {
			isa = PBXVariantGroup;
			children = (
				A5AECFF92373E9E2003F2648 /* Base */,
			);
			name = Main.storyboard;
			sourceTree = "<group>";
		};
		A5AECFFD2373E9E9003F2648 /* LaunchScreen.storyboard */ = {
			isa = PBXVariantGroup;
			children = (
				A5AECFFE2373E9E9003F2648 /* Base */,
			);
			name = LaunchScreen.storyboard;
			sourceTree = "<group>";
		};
/* End PBXVariantGroup section */

/* Begin XCBuildConfiguration section */
		A5AED0012373E9E9003F2648 /* Debug */ = {
			isa = XCBuildConfiguration;
			buildSettings = {
				ALWAYS_SEARCH_USER_PATHS = NO;
				CLANG_ANALYZER_NONNULL = YES;
				CLANG_ANALYZER_NUMBER_OBJECT_CONVERSION = YES_AGGRESSIVE;
				CLANG_CXX_LANGUAGE_STANDARD = "gnu++14";
				CLANG_CXX_LIBRARY = "libc++";
				CLANG_ENABLE_MODULES = YES;
				CLANG_ENABLE_OBJC_ARC = YES;
				CLANG_ENABLE_OBJC_WEAK = YES;
				CLANG_WARN_BLOCK_CAPTURE_AUTORELEASING = YES;
				CLANG_WARN_BOOL_CONVERSION = YES;
				CLANG_WARN_COMMA = YES;
				CLANG_WARN_CONSTANT_CONVERSION = YES;
				CLANG_WARN_DEPRECATED_OBJC_IMPLEMENTATIONS = YES;
				CLANG_WARN_DIRECT_OBJC_ISA_USAGE = YES_ERROR;
				CLANG_WARN_DOCUMENTATION_COMMENTS = YES;
				CLANG_WARN_EMPTY_BODY = YES;
				CLANG_WARN_ENUM_CONVERSION = YES;
				CLANG_WARN_INFINITE_RECURSION = YES;
				CLANG_WARN_INT_CONVERSION = YES;
				CLANG_WARN_NON_LITERAL_NULL_CONVERSION = YES;
				CLANG_WARN_OBJC_IMPLICIT_RETAIN_SELF = YES;
				CLANG_WARN_OBJC_LITERAL_CONVERSION = YES;
				CLANG_WARN_OBJC_ROOT_CLASS = YES_ERROR;
				CLANG_WARN_RANGE_LOOP_ANALYSIS = YES;
				CLANG_WARN_STRICT_PROTOTYPES = YES;
				CLANG_WARN_SUSPICIOUS_MOVE = YES;
				CLANG_WARN_UNGUARDED_AVAILABILITY = YES_AGGRESSIVE;
				CLANG_WARN_UNREACHABLE_CODE = YES;
				CLANG_WARN__DUPLICATE_METHOD_MATCH = YES;
				COPY_PHASE_STRIP = NO;
				DEBUG_INFORMATION_FORMAT = dwarf;
				ENABLE_STRICT_OBJC_MSGSEND = YES;
				ENABLE_TESTABILITY = YES;
				GCC_C_LANGUAGE_STANDARD = gnu11;
				GCC_DYNAMIC_NO_PIC = NO;
				GCC_NO_COMMON_BLOCKS = YES;
				GCC_OPTIMIZATION_LEVEL = 0;
				GCC_PREPROCESSOR_DEFINITIONS = (
					"DEBUG=1",
					"$(inherited)",
				);
				GCC_WARN_64_TO_32_BIT_CONVERSION = YES;
				GCC_WARN_ABOUT_RETURN_TYPE = YES_ERROR;
				GCC_WARN_UNDECLARED_SELECTOR = YES;
				GCC_WARN_UNINITIALIZED_AUTOS = YES_AGGRESSIVE;
				GCC_WARN_UNUSED_FUNCTION = YES;
				GCC_WARN_UNUSED_VARIABLE = YES;
				IPHONEOS_DEPLOYMENT_TARGET = 13.2;
				MTL_ENABLE_DEBUG_INFO = INCLUDE_SOURCE;
				MTL_FAST_MATH = YES;
				ONLY_ACTIVE_ARCH = YES;
				SDKROOT = iphoneos;
				SWIFT_ACTIVE_COMPILATION_CONDITIONS = DEBUG;
				SWIFT_OPTIMIZATION_LEVEL = "-Onone";
			};
			name = Debug;
		};
		A5AED0022373E9E9003F2648 /* Release */ = {
			isa = XCBuildConfiguration;
			buildSettings = {
				ALWAYS_SEARCH_USER_PATHS = NO;
				CLANG_ANALYZER_NONNULL = YES;
				CLANG_ANALYZER_NUMBER_OBJECT_CONVERSION = YES_AGGRESSIVE;
				CLANG_CXX_LANGUAGE_STANDARD = "gnu++14";
				CLANG_CXX_LIBRARY = "libc++";
				CLANG_ENABLE_MODULES = YES;
				CLANG_ENABLE_OBJC_ARC = YES;
				CLANG_ENABLE_OBJC_WEAK = YES;
				CLANG_WARN_BLOCK_CAPTURE_AUTORELEASING = YES;
				CLANG_WARN_BOOL_CONVERSION = YES;
				CLANG_WARN_COMMA = YES;
				CLANG_WARN_CONSTANT_CONVERSION = YES;
				CLANG_WARN_DEPRECATED_OBJC_IMPLEMENTATIONS = YES;
				CLANG_WARN_DIRECT_OBJC_ISA_USAGE = YES_ERROR;
				CLANG_WARN_DOCUMENTATION_COMMENTS = YES;
				CLANG_WARN_EMPTY_BODY = YES;
				CLANG_WARN_ENUM_CONVERSION = YES;
				CLANG_WARN_INFINITE_RECURSION = YES;
				CLANG_WARN_INT_CONVERSION = YES;
				CLANG_WARN_NON_LITERAL_NULL_CONVERSION = YES;
				CLANG_WARN_OBJC_IMPLICIT_RETAIN_SELF = YES;
				CLANG_WARN_OBJC_LITERAL_CONVERSION = YES;
				CLANG_WARN_OBJC_ROOT_CLASS = YES_ERROR;
				CLANG_WARN_RANGE_LOOP_ANALYSIS = YES;
				CLANG_WARN_STRICT_PROTOTYPES = YES;
				CLANG_WARN_SUSPICIOUS_MOVE = YES;
				CLANG_WARN_UNGUARDED_AVAILABILITY = YES_AGGRESSIVE;
				CLANG_WARN_UNREACHABLE_CODE = YES;
				CLANG_WARN__DUPLICATE_METHOD_MATCH = YES;
				COPY_PHASE_STRIP = NO;
				DEBUG_INFORMATION_FORMAT = "dwarf-with-dsym";
				ENABLE_NS_ASSERTIONS = NO;
				ENABLE_STRICT_OBJC_MSGSEND = YES;
				GCC_C_LANGUAGE_STANDARD = gnu11;
				GCC_NO_COMMON_BLOCKS = YES;
				GCC_WARN_64_TO_32_BIT_CONVERSION = YES;
				GCC_WARN_ABOUT_RETURN_TYPE = YES_ERROR;
				GCC_WARN_UNDECLARED_SELECTOR = YES;
				GCC_WARN_UNINITIALIZED_AUTOS = YES_AGGRESSIVE;
				GCC_WARN_UNUSED_FUNCTION = YES;
				GCC_WARN_UNUSED_VARIABLE = YES;
				IPHONEOS_DEPLOYMENT_TARGET = 13.2;
				MTL_ENABLE_DEBUG_INFO = NO;
				MTL_FAST_MATH = YES;
				SDKROOT = iphoneos;
				SWIFT_COMPILATION_MODE = wholemodule;
				SWIFT_OPTIMIZATION_LEVEL = "-O";
				VALIDATE_PRODUCT = YES;
			};
			name = Release;
		};
		A5AED0042373E9E9003F2648 /* Debug */ = {
			isa = XCBuildConfiguration;
			buildSettings = {
				ASSETCATALOG_COMPILER_APPICON_NAME = AppIcon;
				CODE_SIGN_STYLE = Automatic;
				DEVELOPMENT_TEAM = S87GRA33NJ;
				INFOPLIST_FILE = "Tutorial 1/Info.plist";
				LD_RUNPATH_SEARCH_PATHS = (
					"$(inherited)",
					"@executable_path/Frameworks",
				);
				PRODUCT_BUNDLE_IDENTIFIER = "com.AlexanderParshakov.Tutorial-1";
				PRODUCT_NAME = "$(TARGET_NAME)";
				SWIFT_VERSION = 5.0;
				TARGETED_DEVICE_FAMILY = "1,2";
			};
			name = Debug;
		};
		A5AED0052373E9E9003F2648 /* Release */ = {
			isa = XCBuildConfiguration;
			buildSettings = {
				ASSETCATALOG_COMPILER_APPICON_NAME = AppIcon;
				CODE_SIGN_STYLE = Automatic;
				DEVELOPMENT_TEAM = S87GRA33NJ;
				INFOPLIST_FILE = "Tutorial 1/Info.plist";
				LD_RUNPATH_SEARCH_PATHS = (
					"$(inherited)",
					"@executable_path/Frameworks",
				);
				PRODUCT_BUNDLE_IDENTIFIER = "com.AlexanderParshakov.Tutorial-1";
				PRODUCT_NAME = "$(TARGET_NAME)";
				SWIFT_VERSION = 5.0;
				TARGETED_DEVICE_FAMILY = "1,2";
			};
			name = Release;
		};
/* End XCBuildConfiguration section */

/* Begin XCConfigurationList section */
		A5AECFEA2373E9E1003F2648 /* Build configuration list for PBXProject "Tutorial 1" */ = {
			isa = XCConfigurationList;
			buildConfigurations = (
				A5AED0012373E9E9003F2648 /* Debug */,
				A5AED0022373E9E9003F2648 /* Release */,
			);
			defaultConfigurationIsVisible = 0;
			defaultConfigurationName = Release;
		};
		A5AED0032373E9E9003F2648 /* Build configuration list for PBXNativeTarget "Tutorial 1" */ = {
			isa = XCConfigurationList;
			buildConfigurations = (
				A5AED0042373E9E9003F2648 /* Debug */,
				A5AED0052373E9E9003F2648 /* Release */,
			);
			defaultConfigurationIsVisible = 0;
			defaultConfigurationName = Release;
		};
/* End XCConfigurationList section */
	};
	rootObject = A5AECFE72373E9E1003F2648 /* Project object */;
}
